
Microsoft Visual Studio Solution File, Format Version 12.00
# Visual Studio Version 17
VisualStudioVersion = 17.13.35818.85 d17.13
MinimumVisualStudioVersion = 10.0.40219.1
Project("{FAE04EC0-301F-11D3-BF4B-00C04F79EFBC}") = "1131435_張新誠", "1131435_張新誠\1131435_張新誠.csproj", "{35EA704F-22E5-4B16-9016-34BEF9F79B95}"
EndProject
Global
	GlobalSection(SolutionConfigurationPlatforms) = preSolution
		Debug|Any CPU = Debug|Any CPU
		Release|Any CPU = Release|Any CPU
	EndGlobalSection
	GlobalSection(ProjectConfigurationPlatforms) = postSolution
		{35EA704F-22E5-4B16-9016-34BEF9F79B95}.Debug|Any CPU.ActiveCfg = Debug|Any CPU
		{35EA704F-22E5-4B16-9016-34BEF9F79B95}.Debug|Any CPU.Build.0 = Debug|Any CPU
		{35EA704F-22E5-4B16-9016-34BEF9F79B95}.Release|Any CPU.ActiveCfg = Release|Any CPU
		{35EA704F-22E5-4B16-9016-34BEF9F79B95}.Release|Any CPU.Build.0 = Release|Any CPU
	EndGlobalSection
	GlobalSection(SolutionProperties) = preSolution
		HideSolutionNode = FALSE
	EndGlobalSection
	GlobalSection(ExtensibilityGlobals) = postSolution
		SolutionGuid = {6F6BBF33-AC44-44E4-9A4C-6105CC64DCAE}
	EndGlobalSection
EndGlobal
